
Microsoft Visual Studio Solution File, Format Version 12.00
# Visual Studio Version 16
VisualStudioVersion = 16.0.29911.84
MinimumVisualStudioVersion = 10.0.40219.1
Project("{8BC9CEB8-8B4A-11D0-8D11-00A0C91BC942}") = "qrcode", "qrcode.vcxproj", "{A11334AE-35C1-4410-A7A1-4D4916CB25D2}"
EndProject
Project("{2150E333-8FDC-42A3-9474-1A3956D46DE8}") = "Solution Items", "Solution Items", "{0B4AEAF6-657A-4685-A3F1-630F811650B2}"
	ProjectSection(SolutionItems) = preProject
		README.md = README.md
	EndProjectSection
EndProject
Global
	GlobalSection(SolutionConfigurationPlatforms) = preSolution
		Debug|x64 = Debug|x64
		Debug|x86 = Debug|x86
		Release|x64 = Release|x64
		Release|x86 = Release|x86
	EndGlobalSection
	GlobalSection(ProjectConfigurationPlatforms) = postSolution
		{A11334AE-35C1-4410-A7A1-4D4916CB25D2}.Debug|x64.ActiveCfg = Debug|x64
		{A11334AE-35C1-4410-A7A1-4D4916CB25D2}.Debug|x64.Build.0 = Debug|x64
		{A11334AE-35C1-4410-A7A1-4D4916CB25D2}.Debug|x86.ActiveCfg = Debug|Win32
		{A11334AE-35C1-4410-A7A1-4D4916CB25D2}.Debug|x86.Build.0 = Debug|Win32
		{A11334AE-35C1-4410-A7A1-4D4916CB25D2}.Release|x64.ActiveCfg = Release|x64
		{A11334AE-35C1-4410-A7A1-4D4916CB25D2}.Release|x64.Build.0 = Release|x64
		{A11334AE-35C1-4410-A7A1-4D4916CB25D2}.Release|x86.ActiveCfg = Release|Win32
		{A11334AE-35C1-4410-A7A1-4D4916CB25D2}.Release|x86.Build.0 = Release|Win32
	EndGlobalSection
	GlobalSection(SolutionProperties) = preSolution
		HideSolutionNode = FALSE
	EndGlobalSection
	GlobalSection(ExtensibilityGlobals) = postSolution
		SolutionGuid = {64AD9BFA-90DB-4587-A747-0B27334C3BE9}
	EndGlobalSection
EndGlobal
